// !$*UTF8*$!
{
	archiveVersion = 1;
	classes = {
	};
	objectVersion = 55;
	objects = {

/* Begin PBXBuildFile section */
		ED576F28274C2B8F00ED43CA /* PlayerModel.swift in Sources */ = {isa = PBXBuildFile; fileRef = ED576F27274C2B8F00ED43CA /* PlayerModel.swift */; };
		ED576F2A274C2BD700ED43CA /* CodableBundleExtension.swift in Sources */ = {isa = PBXBuildFile; fileRef = ED576F29274C2BD700ED43CA /* CodableBundleExtension.swift */; };
		ED576F2C274C2DE000ED43CA /* FeaturedItemView.swift in Sources */ = {isa = PBXBuildFile; fileRef = ED576F2B274C2DE000ED43CA /* FeaturedItemView.swift */; };
		ED576F2E274C2EA100ED43CA /* FeaturedTabView.swift in Sources */ = {isa = PBXBuildFile; fileRef = ED576F2D274C2EA000ED43CA /* FeaturedTabView.swift */; };
		ED576F30274CB3DA00ED43CA /* CategoryModel.swift in Sources */ = {isa = PBXBuildFile; fileRef = ED576F2F274CB3DA00ED43CA /* CategoryModel.swift */; };
		ED576F32274CB59500ED43CA /* CategoryItemView.swift in Sources */ = {isa = PBXBuildFile; fileRef = ED576F31274CB59500ED43CA /* CategoryItemView.swift */; };
		ED576F34274CB79D00ED43CA /* CategoryGridView.swift in Sources */ = {isa = PBXBuildFile; fileRef = ED576F33274CB79D00ED43CA /* CategoryGridView.swift */; };
		ED576F36274D678700ED43CA /* SectionView.swift in Sources */ = {isa = PBXBuildFile; fileRef = ED576F35274D678700ED43CA /* SectionView.swift */; };
		ED576F38274D6A4500ED43CA /* TitleView.swift in Sources */ = {isa = PBXBuildFile; fileRef = ED576F37274D6A4500ED43CA /* TitleView.swift */; };
		ED576F3C274D6CB000ED43CA /* ProductModel.swift in Sources */ = {isa = PBXBuildFile; fileRef = ED576F3B274D6CB000ED43CA /* ProductModel.swift */; };
		ED576F3E274D6D7B00ED43CA /* ProductItemView.swift in Sources */ = {isa = PBXBuildFile; fileRef = ED576F3D274D6D7B00ED43CA /* ProductItemView.swift */; };
		ED576F40274D7C0A00ED43CA /* BrandModel.swift in Sources */ = {isa = PBXBuildFile; fileRef = ED576F3F274D7C0A00ED43CA /* BrandModel.swift */; };
		ED576F42274D7C7900ED43CA /* BrandItemView.swift in Sources */ = {isa = PBXBuildFile; fileRef = ED576F41274D7C7900ED43CA /* BrandItemView.swift */; };
		ED576F44274D7DA000ED43CA /* BrandGridView.swift in Sources */ = {isa = PBXBuildFile; fileRef = ED576F43274D7DA000ED43CA /* BrandGridView.swift */; };
		ED6E3DBD274AE06D009B59FD /* TouchDownApp.swift in Sources */ = {isa = PBXBuildFile; fileRef = ED6E3DBC274AE06D009B59FD /* TouchDownApp.swift */; };
		ED6E3DC1274AE076009B59FD /* Assets.xcassets in Resources */ = {isa = PBXBuildFile; fileRef = ED6E3DC0274AE076009B59FD /* Assets.xcassets */; };
		ED6E3DC4274AE076009B59FD /* Preview Assets.xcassets in Resources */ = {isa = PBXBuildFile; fileRef = ED6E3DC3274AE076009B59FD /* Preview Assets.xcassets */; };
		ED6E3DCE274AE533009B59FD /* brand.json in Resources */ = {isa = PBXBuildFile; fileRef = ED6E3DCA274AE531009B59FD /* brand.json */; };
		ED6E3DCF274AE533009B59FD /* category.json in Resources */ = {isa = PBXBuildFile; fileRef = ED6E3DCB274AE531009B59FD /* category.json */; };
		ED6E3DD0274AE533009B59FD /* product.json in Resources */ = {isa = PBXBuildFile; fileRef = ED6E3DCC274AE532009B59FD /* product.json */; };
		ED6E3DD1274AE533009B59FD /* player.json in Resources */ = {isa = PBXBuildFile; fileRef = ED6E3DCD274AE533009B59FD /* player.json */; };
		ED6E3DDC274AE695009B59FD /* Constant.swift in Sources */ = {isa = PBXBuildFile; fileRef = ED6E3DDB274AE695009B59FD /* Constant.swift */; };
		ED6E3DDE274AE8FF009B59FD /* FooterView.swift in Sources */ = {isa = PBXBuildFile; fileRef = ED6E3DDD274AE8FF009B59FD /* FooterView.swift */; };
		ED6E3DE0274AEE67009B59FD /* ContentView.swift in Sources */ = {isa = PBXBuildFile; fileRef = ED6E3DDF274AEE67009B59FD /* ContentView.swift */; };
		ED6E3DE2274AEF71009B59FD /* NavigationBarView.swift in Sources */ = {isa = PBXBuildFile; fileRef = ED6E3DE1274AEF71009B59FD /* NavigationBarView.swift */; };
		ED6E3DE4274AF580009B59FD /* LogoView.swift in Sources */ = {isa = PBXBuildFile; fileRef = ED6E3DE3274AF580009B59FD /* LogoView.swift */; };
/* End PBXBuildFile section */

/* Begin PBXFileReference section */
		ED576F27274C2B8F00ED43CA /* PlayerModel.swift */ = {isa = PBXFileReference; lastKnownFileType = sourcecode.swift; path = PlayerModel.swift; sourceTree = "<group>"; };
		ED576F29274C2BD700ED43CA /* CodableBundleExtension.swift */ = {isa = PBXFileReference; lastKnownFileType = sourcecode.swift; path = CodableBundleExtension.swift; sourceTree = "<group>"; };
		ED576F2B274C2DE000ED43CA /* FeaturedItemView.swift */ = {isa = PBXFileReference; lastKnownFileType = sourcecode.swift; path = FeaturedItemView.swift; sourceTree = "<group>"; };
		ED576F2D274C2EA000ED43CA /* FeaturedTabView.swift */ = {isa = PBXFileReference; lastKnownFileType = sourcecode.swift; path = FeaturedTabView.swift; sourceTree = "<group>"; };
		ED576F2F274CB3DA00ED43CA /* CategoryModel.swift */ = {isa = PBXFileReference; lastKnownFileType = sourcecode.swift; path = CategoryModel.swift; sourceTree = "<group>"; };
		ED576F31274CB59500ED43CA /* CategoryItemView.swift */ = {isa = PBXFileReference; lastKnownFileType = sourcecode.swift; path = CategoryItemView.swift; sourceTree = "<group>"; };
		ED576F33274CB79D00ED43CA /* CategoryGridView.swift */ = {isa = PBXFileReference; lastKnownFileType = sourcecode.swift; path = CategoryGridView.swift; sourceTree = "<group>"; };
		ED576F35274D678700ED43CA /* SectionView.swift */ = {isa = PBXFileReference; lastKnownFileType = sourcecode.swift; path = SectionView.swift; sourceTree = "<group>"; };
		ED576F37274D6A4500ED43CA /* TitleView.swift */ = {isa = PBXFileReference; lastKnownFileType = sourcecode.swift; path = TitleView.swift; sourceTree = "<group>"; };
		ED576F3B274D6CB000ED43CA /* ProductModel.swift */ = {isa = PBXFileReference; lastKnownFileType = sourcecode.swift; path = ProductModel.swift; sourceTree = "<group>"; };
		ED576F3D274D6D7B00ED43CA /* ProductItemView.swift */ = {isa = PBXFileReference; lastKnownFileType = sourcecode.swift; path = ProductItemView.swift; sourceTree = "<group>"; };
		ED576F3F274D7C0A00ED43CA /* BrandModel.swift */ = {isa = PBXFileReference; lastKnownFileType = sourcecode.swift; path = BrandModel.swift; sourceTree = "<group>"; };
		ED576F41274D7C7900ED43CA /* BrandItemView.swift */ = {isa = PBXFileReference; lastKnownFileType = sourcecode.swift; path = BrandItemView.swift; sourceTree = "<group>"; };
		ED576F43274D7DA000ED43CA /* BrandGridView.swift */ = {isa = PBXFileReference; lastKnownFileType = sourcecode.swift; path = BrandGridView.swift; sourceTree = "<group>"; };
		ED6E3DB9274AE06D009B59FD /* TouchDown.app */ = {isa = PBXFileReference; explicitFileType = wrapper.application; includeInIndex = 0; path = TouchDown.app; sourceTree = BUILT_PRODUCTS_DIR; };
		ED6E3DBC274AE06D009B59FD /* TouchDownApp.swift */ = {isa = PBXFileReference; lastKnownFileType = sourcecode.swift; path = TouchDownApp.swift; sourceTree = "<group>"; };
		ED6E3DC0274AE076009B59FD /* Assets.xcassets */ = {isa = PBXFileReference; lastKnownFileType = folder.assetcatalog; path = Assets.xcassets; sourceTree = "<group>"; };
		ED6E3DC3274AE076009B59FD /* Preview Assets.xcassets */ = {isa = PBXFileReference; lastKnownFileType = folder.assetcatalog; path = "Preview Assets.xcassets"; sourceTree = "<group>"; };
		ED6E3DCA274AE531009B59FD /* brand.json */ = {isa = PBXFileReference; fileEncoding = 4; lastKnownFileType = text.json; path = brand.json; sourceTree = "<group>"; };
		ED6E3DCB274AE531009B59FD /* category.json */ = {isa = PBXFileReference; fileEncoding = 4; lastKnownFileType = text.json; path = category.json; sourceTree = "<group>"; };
		ED6E3DCC274AE532009B59FD /* product.json */ = {isa = PBXFileReference; fileEncoding = 4; lastKnownFileType = text.json; path = product.json; sourceTree = "<group>"; };
		ED6E3DCD274AE533009B59FD /* player.json */ = {isa = PBXFileReference; fileEncoding = 4; lastKnownFileType = text.json; path = player.json; sourceTree = "<group>"; };
		ED6E3DD3274AE57D009B59FD /* Info.plist */ = {isa = PBXFileReference; lastKnownFileType = text.plist.xml; path = Info.plist; sourceTree = "<group>"; };
		ED6E3DDB274AE695009B59FD /* Constant.swift */ = {isa = PBXFileReference; lastKnownFileType = sourcecode.swift; path = Constant.swift; sourceTree = "<group>"; };
		ED6E3DDD274AE8FF009B59FD /* FooterView.swift */ = {isa = PBXFileReference; lastKnownFileType = sourcecode.swift; path = FooterView.swift; sourceTree = "<group>"; };
		ED6E3DDF274AEE67009B59FD /* ContentView.swift */ = {isa = PBXFileReference; lastKnownFileType = sourcecode.swift; path = ContentView.swift; sourceTree = "<group>"; };
		ED6E3DE1274AEF71009B59FD /* NavigationBarView.swift */ = {isa = PBXFileReference; lastKnownFileType = sourcecode.swift; path = NavigationBarView.swift; sourceTree = "<group>"; };
		ED6E3DE3274AF580009B59FD /* LogoView.swift */ = {isa = PBXFileReference; lastKnownFileType = sourcecode.swift; path = LogoView.swift; sourceTree = "<group>"; };
/* End PBXFileReference section */

/* Begin PBXFrameworksBuildPhase section */
		ED6E3DB6274AE06D009B59FD /* Frameworks */ = {
			isa = PBXFrameworksBuildPhase;
			buildActionMask = 2147483647;
			files = (
			);
			runOnlyForDeploymentPostprocessing = 0;
		};
/* End PBXFrameworksBuildPhase section */

/* Begin PBXGroup section */
		ED6E3DB0274AE06D009B59FD = {
			isa = PBXGroup;
			children = (
				ED6E3DBB274AE06D009B59FD /* TouchDown */,
				ED6E3DBA274AE06D009B59FD /* Products */,
			);
			sourceTree = "<group>";
		};
		ED6E3DBA274AE06D009B59FD /* Products */ = {
			isa = PBXGroup;
			children = (
				ED6E3DB9274AE06D009B59FD /* TouchDown.app */,
			);
			name = Products;
			sourceTree = "<group>";
		};
		ED6E3DBB274AE06D009B59FD /* TouchDown */ = {
			isa = PBXGroup;
			children = (
				ED6E3DD4274AE5DC009B59FD /* App */,
				ED6E3DD5274AE5EC009B59FD /* View */,
				ED6E3DD2274AE546009B59FD /* Data */,
				ED6E3DDA274AE643009B59FD /* Utility */,
				ED6E3DD8274AE624009B59FD /* Model */,
				ED6E3DD9274AE636009B59FD /* Extension */,
				ED6E3DC0274AE076009B59FD /* Assets.xcassets */,
				ED6E3DD3274AE57D009B59FD /* Info.plist */,
				ED6E3DC2274AE076009B59FD /* Preview Content */,
			);
			path = TouchDown;
			sourceTree = "<group>";
		};
		ED6E3DC2274AE076009B59FD /* Preview Content */ = {
			isa = PBXGroup;
			children = (
				ED6E3DC3274AE076009B59FD /* Preview Assets.xcassets */,
			);
			path = "Preview Content";
			sourceTree = "<group>";
		};
		ED6E3DD2274AE546009B59FD /* Data */ = {
			isa = PBXGroup;
			children = (
				ED6E3DCA274AE531009B59FD /* brand.json */,
				ED6E3DCB274AE531009B59FD /* category.json */,
				ED6E3DCD274AE533009B59FD /* player.json */,
				ED6E3DCC274AE532009B59FD /* product.json */,
			);
			path = Data;
			sourceTree = "<group>";
		};
		ED6E3DD4274AE5DC009B59FD /* App */ = {
			isa = PBXGroup;
			children = (
				ED6E3DBC274AE06D009B59FD /* TouchDownApp.swift */,
				ED6E3DDF274AEE67009B59FD /* ContentView.swift */,
			);
			path = App;
			sourceTree = "<group>";
		};
		ED6E3DD5274AE5EC009B59FD /* View */ = {
			isa = PBXGroup;
			children = (
				ED6E3DD7274AE617009B59FD /* Home */,
				ED6E3DD6274AE60E009B59FD /* Detail */,
			);
			path = View;
			sourceTree = "<group>";
		};
		ED6E3DD6274AE60E009B59FD /* Detail */ = {
			isa = PBXGroup;
			children = (
			);
			path = Detail;
			sourceTree = "<group>";
		};
		ED6E3DD7274AE617009B59FD /* Home */ = {
			isa = PBXGroup;
			children = (
				ED6E3DDD274AE8FF009B59FD /* FooterView.swift */,
				ED6E3DE1274AEF71009B59FD /* NavigationBarView.swift */,
				ED6E3DE3274AF580009B59FD /* LogoView.swift */,
				ED576F2B274C2DE000ED43CA /* FeaturedItemView.swift */,
				ED576F2D274C2EA000ED43CA /* FeaturedTabView.swift */,
				ED576F31274CB59500ED43CA /* CategoryItemView.swift */,
				ED576F33274CB79D00ED43CA /* CategoryGridView.swift */,
				ED576F35274D678700ED43CA /* SectionView.swift */,
				ED576F37274D6A4500ED43CA /* TitleView.swift */,
				ED576F3D274D6D7B00ED43CA /* ProductItemView.swift */,
				ED576F41274D7C7900ED43CA /* BrandItemView.swift */,
				ED576F43274D7DA000ED43CA /* BrandGridView.swift */,
			);
			path = Home;
			sourceTree = "<group>";
		};
		ED6E3DD8274AE624009B59FD /* Model */ = {
			isa = PBXGroup;
			children = (
				ED576F27274C2B8F00ED43CA /* PlayerModel.swift */,
				ED576F2F274CB3DA00ED43CA /* CategoryModel.swift */,
				ED576F3B274D6CB000ED43CA /* ProductModel.swift */,
				ED576F3F274D7C0A00ED43CA /* BrandModel.swift */,
			);
			path = Model;
			sourceTree = "<group>";
		};
		ED6E3DD9274AE636009B59FD /* Extension */ = {
			isa = PBXGroup;
			children = (
				ED576F29274C2BD700ED43CA /* CodableBundleExtension.swift */,
			);
			path = Extension;
			sourceTree = "<group>";
		};
		ED6E3DDA274AE643009B59FD /* Utility */ = {
			isa = PBXGroup;
			children = (
				ED6E3DDB274AE695009B59FD /* Constant.swift */,
			);
			path = Utility;
			sourceTree = "<group>";
		};
/* End PBXGroup section */

/* Begin PBXNativeTarget section */
		ED6E3DB8274AE06D009B59FD /* TouchDown */ = {
			isa = PBXNativeTarget;
			buildConfigurationList = ED6E3DC7274AE076009B59FD /* Build configuration list for PBXNativeTarget "TouchDown" */;
			buildPhases = (
				ED6E3DB5274AE06D009B59FD /* Sources */,
				ED6E3DB6274AE06D009B59FD /* Frameworks */,
				ED6E3DB7274AE06D009B59FD /* Resources */,
			);
			buildRules = (
			);
			dependencies = (
			);
			name = TouchDown;
			productName = TouchDown;
			productReference = ED6E3DB9274AE06D009B59FD /* TouchDown.app */;
			productType = "com.apple.product-type.application";
		};
/* End PBXNativeTarget section */

/* Begin PBXProject section */
		ED6E3DB1274AE06D009B59FD /* Project object */ = {
			isa = PBXProject;
			attributes = {
				BuildIndependentTargetsInParallel = 1;
				LastSwiftUpdateCheck = 1300;
				LastUpgradeCheck = 1300;
				TargetAttributes = {
					ED6E3DB8274AE06D009B59FD = {
						CreatedOnToolsVersion = 13.0;
					};
				};
			};
			buildConfigurationList = ED6E3DB4274AE06D009B59FD /* Build configuration list for PBXProject "TouchDown" */;
			compatibilityVersion = "Xcode 13.0";
			developmentRegion = en;
			hasScannedForEncodings = 0;
			knownRegions = (
				en,
				Base,
			);
			mainGroup = ED6E3DB0274AE06D009B59FD;
			productRefGroup = ED6E3DBA274AE06D009B59FD /* Products */;
			projectDirPath = "";
			projectRoot = "";
			targets = (
				ED6E3DB8274AE06D009B59FD /* TouchDown */,
			);
		};
/* End PBXProject section */

/* Begin PBXResourcesBuildPhase section */
		ED6E3DB7274AE06D009B59FD /* Resources */ = {
			isa = PBXResourcesBuildPhase;
			buildActionMask = 2147483647;
			files = (
				ED6E3DD1274AE533009B59FD /* player.json in Resources */,
				ED6E3DC4274AE076009B59FD /* Preview Assets.xcassets in Resources */,
				ED6E3DC1274AE076009B59FD /* Assets.xcassets in Resources */,
				ED6E3DCE274AE533009B59FD /* brand.json in Resources */,
				ED6E3DCF274AE533009B59FD /* category.json in Resources */,
				ED6E3DD0274AE533009B59FD /* product.json in Resources */,
			);
			runOnlyForDeploymentPostprocessing = 0;
		};
/* End PBXResourcesBuildPhase section */

/* Begin PBXSourcesBuildPhase section */
		ED6E3DB5274AE06D009B59FD /* Sources */ = {
			isa = PBXSourcesBuildPhase;
			buildActionMask = 2147483647;
			files = (
				ED576F2A274C2BD700ED43CA /* CodableBundleExtension.swift in Sources */,
				ED6E3DDE274AE8FF009B59FD /* FooterView.swift in Sources */,
				ED6E3DE4274AF580009B59FD /* LogoView.swift in Sources */,
				ED6E3DBD274AE06D009B59FD /* TouchDownApp.swift in Sources */,
				ED576F2C274C2DE000ED43CA /* FeaturedItemView.swift in Sources */,
				ED576F3E274D6D7B00ED43CA /* ProductItemView.swift in Sources */,
				ED576F44274D7DA000ED43CA /* BrandGridView.swift in Sources */,
				ED6E3DE0274AEE67009B59FD /* ContentView.swift in Sources */,
				ED6E3DDC274AE695009B59FD /* Constant.swift in Sources */,
				ED576F34274CB79D00ED43CA /* CategoryGridView.swift in Sources */,
				ED576F30274CB3DA00ED43CA /* CategoryModel.swift in Sources */,
				ED6E3DE2274AEF71009B59FD /* NavigationBarView.swift in Sources */,
				ED576F36274D678700ED43CA /* SectionView.swift in Sources */,
				ED576F42274D7C7900ED43CA /* BrandItemView.swift in Sources */,
				ED576F32274CB59500ED43CA /* CategoryItemView.swift in Sources */,
				ED576F2E274C2EA100ED43CA /* FeaturedTabView.swift in Sources */,
				ED576F28274C2B8F00ED43CA /* PlayerModel.swift in Sources */,
				ED576F40274D7C0A00ED43CA /* BrandModel.swift in Sources */,
				ED576F38274D6A4500ED43CA /* TitleView.swift in Sources */,
				ED576F3C274D6CB000ED43CA /* ProductModel.swift in Sources */,
			);
			runOnlyForDeploymentPostprocessing = 0;
		};
/* End PBXSourcesBuildPhase section */

/* Begin XCBuildConfiguration section */
		ED6E3DC5274AE076009B59FD /* Debug */ = {
			isa = XCBuildConfiguration;
			buildSettings = {
				ALWAYS_SEARCH_USER_PATHS = NO;
				CLANG_ANALYZER_NONNULL = YES;
				CLANG_ANALYZER_NUMBER_OBJECT_CONVERSION = YES_AGGRESSIVE;
				CLANG_CXX_LANGUAGE_STANDARD = "gnu++17";
				CLANG_CXX_LIBRARY = "libc++";
				CLANG_ENABLE_MODULES = YES;
				CLANG_ENABLE_OBJC_ARC = YES;
				CLANG_ENABLE_OBJC_WEAK = YES;
				CLANG_WARN_BLOCK_CAPTURE_AUTORELEASING = YES;
				CLANG_WARN_BOOL_CONVERSION = YES;
				CLANG_WARN_COMMA = YES;
				CLANG_WARN_CONSTANT_CONVERSION = YES;
				CLANG_WARN_DEPRECATED_OBJC_IMPLEMENTATIONS = YES;
				CLANG_WARN_DIRECT_OBJC_ISA_USAGE = YES_ERROR;
				CLANG_WARN_DOCUMENTATION_COMMENTS = YES;
				CLANG_WARN_EMPTY_BODY = YES;
				CLANG_WARN_ENUM_CONVERSION = YES;
				CLANG_WARN_INFINITE_RECURSION = YES;
				CLANG_WARN_INT_CONVERSION = YES;
				CLANG_WARN_NON_LITERAL_NULL_CONVERSION = YES;
				CLANG_WARN_OBJC_IMPLICIT_RETAIN_SELF = YES;
				CLANG_WARN_OBJC_LITERAL_CONVERSION = YES;
				CLANG_WARN_OBJC_ROOT_CLASS = YES_ERROR;
				CLANG_WARN_QUOTED_INCLUDE_IN_FRAMEWORK_HEADER = YES;
				CLANG_WARN_RANGE_LOOP_ANALYSIS = YES;
				CLANG_WARN_STRICT_PROTOTYPES = YES;
				CLANG_WARN_SUSPICIOUS_MOVE = YES;
				CLANG_WARN_UNGUARDED_AVAILABILITY = YES_AGGRESSIVE;
				CLANG_WARN_UNREACHABLE_CODE = YES;
				CLANG_WARN__DUPLICATE_METHOD_MATCH = YES;
				COPY_PHASE_STRIP = NO;
				DEBUG_INFORMATION_FORMAT = dwarf;
				ENABLE_STRICT_OBJC_MSGSEND = YES;
				ENABLE_TESTABILITY = YES;
				GCC_C_LANGUAGE_STANDARD = gnu11;
				GCC_DYNAMIC_NO_PIC = NO;
				GCC_NO_COMMON_BLOCKS = YES;
				GCC_OPTIMIZATION_LEVEL = 0;
				GCC_PREPROCESSOR_DEFINITIONS = (
					"DEBUG=1",
					"$(inherited)",
				);
				GCC_WARN_64_TO_32_BIT_CONVERSION = YES;
				GCC_WARN_ABOUT_RETURN_TYPE = YES_ERROR;
				GCC_WARN_UNDECLARED_SELECTOR = YES;
				GCC_WARN_UNINITIALIZED_AUTOS = YES_AGGRESSIVE;
				GCC_WARN_UNUSED_FUNCTION = YES;
				GCC_WARN_UNUSED_VARIABLE = YES;
				IPHONEOS_DEPLOYMENT_TARGET = 15.0;
				MTL_ENABLE_DEBUG_INFO = INCLUDE_SOURCE;
				MTL_FAST_MATH = YES;
				ONLY_ACTIVE_ARCH = YES;
				SDKROOT = iphoneos;
				SWIFT_ACTIVE_COMPILATION_CONDITIONS = DEBUG;
				SWIFT_OPTIMIZATION_LEVEL = "-Onone";
			};
			name = Debug;
		};
		ED6E3DC6274AE076009B59FD /* Release */ = {
			isa = XCBuildConfiguration;
			buildSettings = {
				ALWAYS_SEARCH_USER_PATHS = NO;
				CLANG_ANALYZER_NONNULL = YES;
				CLANG_ANALYZER_NUMBER_OBJECT_CONVERSION = YES_AGGRESSIVE;
				CLANG_CXX_LANGUAGE_STANDARD = "gnu++17";
				CLANG_CXX_LIBRARY = "libc++";
				CLANG_ENABLE_MODULES = YES;
				CLANG_ENABLE_OBJC_ARC = YES;
				CLANG_ENABLE_OBJC_WEAK = YES;
				CLANG_WARN_BLOCK_CAPTURE_AUTORELEASING = YES;
				CLANG_WARN_BOOL_CONVERSION = YES;
				CLANG_WARN_COMMA = YES;
				CLANG_WARN_CONSTANT_CONVERSION = YES;
				CLANG_WARN_DEPRECATED_OBJC_IMPLEMENTATIONS = YES;
				CLANG_WARN_DIRECT_OBJC_ISA_USAGE = YES_ERROR;
				CLANG_WARN_DOCUMENTATION_COMMENTS = YES;
				CLANG_WARN_EMPTY_BODY = YES;
				CLANG_WARN_ENUM_CONVERSION = YES;
				CLANG_WARN_INFINITE_RECURSION = YES;
				CLANG_WARN_INT_CONVERSION = YES;
				CLANG_WARN_NON_LITERAL_NULL_CONVERSION = YES;
				CLANG_WARN_OBJC_IMPLICIT_RETAIN_SELF = YES;
				CLANG_WARN_OBJC_LITERAL_CONVERSION = YES;
				CLANG_WARN_OBJC_ROOT_CLASS = YES_ERROR;
				CLANG_WARN_QUOTED_INCLUDE_IN_FRAMEWORK_HEADER = YES;
				CLANG_WARN_RANGE_LOOP_ANALYSIS = YES;
				CLANG_WARN_STRICT_PROTOTYPES = YES;
				CLANG_WARN_SUSPICIOUS_MOVE = YES;
				CLANG_WARN_UNGUARDED_AVAILABILITY = YES_AGGRESSIVE;
				CLANG_WARN_UNREACHABLE_CODE = YES;
				CLANG_WARN__DUPLICATE_METHOD_MATCH = YES;
				COPY_PHASE_STRIP = NO;
				DEBUG_INFORMATION_FORMAT = "dwarf-with-dsym";
				ENABLE_NS_ASSERTIONS = NO;
				ENABLE_STRICT_OBJC_MSGSEND = YES;
				GCC_C_LANGUAGE_STANDARD = gnu11;
				GCC_NO_COMMON_BLOCKS = YES;
				GCC_WARN_64_TO_32_BIT_CONVERSION = YES;
				GCC_WARN_ABOUT_RETURN_TYPE = YES_ERROR;
				GCC_WARN_UNDECLARED_SELECTOR = YES;
				GCC_WARN_UNINITIALIZED_AUTOS = YES_AGGRESSIVE;
				GCC_WARN_UNUSED_FUNCTION = YES;
				GCC_WARN_UNUSED_VARIABLE = YES;
				IPHONEOS_DEPLOYMENT_TARGET = 15.0;
				MTL_ENABLE_DEBUG_INFO = NO;
				MTL_FAST_MATH = YES;
				SDKROOT = iphoneos;
				SWIFT_COMPILATION_MODE = wholemodule;
				SWIFT_OPTIMIZATION_LEVEL = "-O";
				VALIDATE_PRODUCT = YES;
			};
			name = Release;
		};
		ED6E3DC8274AE076009B59FD /* Debug */ = {
			isa = XCBuildConfiguration;
			buildSettings = {
				ASSETCATALOG_COMPILER_APPICON_NAME = AppIcon;
				ASSETCATALOG_COMPILER_GLOBAL_ACCENT_COLOR_NAME = AccentColor;
				CODE_SIGN_STYLE = Automatic;
				CURRENT_PROJECT_VERSION = 1;
				DEVELOPMENT_ASSET_PATHS = "\"TouchDown/Preview Content\"";
				DEVELOPMENT_TEAM = CYNZRZ47N3;
				ENABLE_PREVIEWS = YES;
				GENERATE_INFOPLIST_FILE = YES;
				INFOPLIST_FILE = TouchDown/Info.plist;
				INFOPLIST_KEY_UIApplicationSceneManifest_Generation = YES;
				INFOPLIST_KEY_UIApplicationSupportsIndirectInputEvents = YES;
				INFOPLIST_KEY_UISupportedInterfaceOrientations = UIInterfaceOrientationPortrait;
				INFOPLIST_KEY_UISupportedInterfaceOrientations_iPad = "UIInterfaceOrientationPortrait UIInterfaceOrientationPortraitUpsideDown UIInterfaceOrientationLandscapeLeft UIInterfaceOrientationLandscapeRight";
				INFOPLIST_KEY_UISupportedInterfaceOrientations_iPhone = "UIInterfaceOrientationPortrait UIInterfaceOrientationLandscapeLeft UIInterfaceOrientationLandscapeRight";
				INFOPLIST_KEY_UIUserInterfaceStyle = Light;
				IPHONEOS_DEPLOYMENT_TARGET = 14.0;
				LD_RUNPATH_SEARCH_PATHS = (
					"$(inherited)",
					"@executable_path/Frameworks",
				);
				MARKETING_VERSION = 1.0;
				PRODUCT_BUNDLE_IDENTIFIER = qfqwfq.TouchDown;
				PRODUCT_NAME = "$(TARGET_NAME)";
				SWIFT_EMIT_LOC_STRINGS = YES;
				SWIFT_VERSION = 5.0;
				TARGETED_DEVICE_FAMILY = 1;
			};
			name = Debug;
		};
		ED6E3DC9274AE076009B59FD /* Release */ = {
			isa = XCBuildConfiguration;
			buildSettings = {
				ASSETCATALOG_COMPILER_APPICON_NAME = AppIcon;
				ASSETCATALOG_COMPILER_GLOBAL_ACCENT_COLOR_NAME = AccentColor;
				CODE_SIGN_STYLE = Automatic;
				CURRENT_PROJECT_VERSION = 1;
				DEVELOPMENT_ASSET_PATHS = "\"TouchDown/Preview Content\"";
				DEVELOPMENT_TEAM = CYNZRZ47N3;
				ENABLE_PREVIEWS = YES;
				GENERATE_INFOPLIST_FILE = YES;
				INFOPLIST_FILE = TouchDown/Info.plist;
				INFOPLIST_KEY_UIApplicationSceneManifest_Generation = YES;
				INFOPLIST_KEY_UIApplicationSupportsIndirectInputEvents = YES;
				INFOPLIST_KEY_UISupportedInterfaceOrientations = UIInterfaceOrientationPortrait;
				INFOPLIST_KEY_UISupportedInterfaceOrientations_iPad = "UIInterfaceOrientationPortrait UIInterfaceOrientationPortraitUpsideDown UIInterfaceOrientationLandscapeLeft UIInterfaceOrientationLandscapeRight";
				INFOPLIST_KEY_UISupportedInterfaceOrientations_iPhone = "UIInterfaceOrientationPortrait UIInterfaceOrientationLandscapeLeft UIInterfaceOrientationLandscapeRight";
				INFOPLIST_KEY_UIUserInterfaceStyle = Light;
				IPHONEOS_DEPLOYMENT_TARGET = 14.0;
				LD_RUNPATH_SEARCH_PATHS = (
					"$(inherited)",
					"@executable_path/Frameworks",
				);
				MARKETING_VERSION = 1.0;
				PRODUCT_BUNDLE_IDENTIFIER = qfqwfq.TouchDown;
				PRODUCT_NAME = "$(TARGET_NAME)";
				SWIFT_EMIT_LOC_STRINGS = YES;
				SWIFT_VERSION = 5.0;
				TARGETED_DEVICE_FAMILY = 1;
			};
			name = Release;
		};
/* End XCBuildConfiguration section */

/* Begin XCConfigurationList section */
		ED6E3DB4274AE06D009B59FD /* Build configuration list for PBXProject "TouchDown" */ = {
			isa = XCConfigurationList;
			buildConfigurations = (
				ED6E3DC5274AE076009B59FD /* Debug */,
				ED6E3DC6274AE076009B59FD /* Release */,
			);
			defaultConfigurationIsVisible = 0;
			defaultConfigurationName = Release;
		};
		ED6E3DC7274AE076009B59FD /* Build configuration list for PBXNativeTarget "TouchDown" */ = {
			isa = XCConfigurationList;
			buildConfigurations = (
				ED6E3DC8274AE076009B59FD /* Debug */,
				ED6E3DC9274AE076009B59FD /* Release */,
			);
			defaultConfigurationIsVisible = 0;
			defaultConfigurationName = Release;
		};
/* End XCConfigurationList section */
	};
	rootObject = ED6E3DB1274AE06D009B59FD /* Project object */;
}
